
Microsoft Visual Studio Solution File, Format Version 12.00
# Visual Studio Version 16
VisualStudioVersion = 16.0.33214.272
MinimumVisualStudioVersion = 10.0.40219.1
Project("{FAE04EC0-301F-11D3-BF4B-00C04F79EFBC}") = "Sample.Framework", "..\Sample_Git_Demo\Sample.Framework\Sample.Framework.csproj", "{21B7F7B8-A043-42EF-A040-DBE069502D70}"
EndProject
Project("{FAE04EC0-301F-11D3-BF4B-00C04F79EFBC}") = "Sample.Pages", "..\Sample_Git_Demo\Sample.Pages\Sample.Pages.csproj", "{5AA495B3-747F-4E3F-B0F7-B0EDF3E99C31}"
EndProject
Project("{FAE04EC0-301F-11D3-BF4B-00C04F79EFBC}") = "Sample.Test", "..\Sample_Git_Demo\Sample.Test\Sample.Test.csproj", "{F1FE8B83-0640-4E73-A0BC-C7BBAEDE9674}"
EndProject
Global
	GlobalSection(SolutionConfigurationPlatforms) = preSolution
		Debug|Any CPU = Debug|Any CPU
		Release|Any CPU = Release|Any CPU
	EndGlobalSection
	GlobalSection(ProjectConfigurationPlatforms) = postSolution
		{21B7F7B8-A043-42EF-A040-DBE069502D70}.Debug|Any CPU.ActiveCfg = Debug|Any CPU
		{21B7F7B8-A043-42EF-A040-DBE069502D70}.Debug|Any CPU.Build.0 = Debug|Any CPU
		{21B7F7B8-A043-42EF-A040-DBE069502D70}.Release|Any CPU.ActiveCfg = Release|Any CPU
		{21B7F7B8-A043-42EF-A040-DBE069502D70}.Release|Any CPU.Build.0 = Release|Any CPU
		{5AA495B3-747F-4E3F-B0F7-B0EDF3E99C31}.Debug|Any CPU.ActiveCfg = Debug|Any CPU
		{5AA495B3-747F-4E3F-B0F7-B0EDF3E99C31}.Debug|Any CPU.Build.0 = Debug|Any CPU
		{5AA495B3-747F-4E3F-B0F7-B0EDF3E99C31}.Release|Any CPU.ActiveCfg = Release|Any CPU
		{5AA495B3-747F-4E3F-B0F7-B0EDF3E99C31}.Release|Any CPU.Build.0 = Release|Any CPU
		{F1FE8B83-0640-4E73-A0BC-C7BBAEDE9674}.Debug|Any CPU.ActiveCfg = Debug|Any CPU
		{F1FE8B83-0640-4E73-A0BC-C7BBAEDE9674}.Debug|Any CPU.Build.0 = Debug|Any CPU
		{F1FE8B83-0640-4E73-A0BC-C7BBAEDE9674}.Release|Any CPU.ActiveCfg = Release|Any CPU
		{F1FE8B83-0640-4E73-A0BC-C7BBAEDE9674}.Release|Any CPU.Build.0 = Release|Any CPU
	EndGlobalSection
	GlobalSection(SolutionProperties) = preSolution
		HideSolutionNode = FALSE
	EndGlobalSection
	GlobalSection(ExtensibilityGlobals) = postSolution
		SolutionGuid = {0E2EE572-B7AE-4C81-8785-FF1FBF3E543B}
	EndGlobalSection
EndGlobal
